<?xml version="1.0" encoding="utf-8"?>
<Project ToolsVersion="17.0" xmlns="http://schemas.microsoft.com/developer/msbuild/2003">
  <ItemGroup>
    <ClCompile Include="C:\Users\ebrus\Desktop\ce205-midterm-Ebru-Sener-YunusEmre-Yasar\src\utility\src\mathUtility.cpp">
      <Filter>src</Filter>
    </ClCompile>
  </ItemGroup>
  <ItemGroup>
    <ClInclude Include="C:\Users\ebrus\Desktop\ce205-midterm-Ebru-Sener-YunusEmre-Yasar\src\utility\header\commonTypes.h">
      <Filter>header</Filter>
    </ClInclude>
    <ClInclude Include="C:\Users\ebrus\Desktop\ce205-midterm-Ebru-Sener-YunusEmre-Yasar\src\utility\header\mathUtility.h">
      <Filter>header</Filter>
    </ClInclude>
  </ItemGroup>
  <ItemGroup>
    <CustomBuild Include="C:\Users\ebrus\Desktop\ce205-midterm-Ebru-Sener-YunusEmre-Yasar\src\utility\CMakeLists.txt" />
  </ItemGroup>
  <ItemGroup>
    <Filter Include="header">
      <UniqueIdentifier>{C029E512-75CF-3DF2-A1BA-F0A67DAB1245}</UniqueIdentifier>
    </Filter>
    <Filter Include="src">
      <UniqueIdentifier>{F5F831B1-5178-3A55-A328-76228E951A1B}</UniqueIdentifier>
    </Filter>
  </ItemGroup>
</Project>
